
Microsoft Visual Studio Solution File, Format Version 12.00
# Visual Studio Version 16
VisualStudioVersion = 16.0.30804.86
MinimumVisualStudioVersion = 10.0.40219.1
Project("{FAE04EC0-301F-11D3-BF4B-00C04F79EFBC}") = "classJW", "classJW\classJW.csproj", "{F319C2A3-BD7A-44DD-9320-8A5ABB21189D}"
EndProject
Global
	GlobalSection(SolutionConfigurationPlatforms) = preSolution
		Debug|Any CPU = Debug|Any CPU
		Release|Any CPU = Release|Any CPU
	EndGlobalSection
	GlobalSection(ProjectConfigurationPlatforms) = postSolution
		{F319C2A3-BD7A-44DD-9320-8A5ABB21189D}.Debug|Any CPU.ActiveCfg = Release|Any CPU
		{F319C2A3-BD7A-44DD-9320-8A5ABB21189D}.Debug|Any CPU.Build.0 = Release|Any CPU
		{F319C2A3-BD7A-44DD-9320-8A5ABB21189D}.Release|Any CPU.ActiveCfg = Release|Any CPU
		{F319C2A3-BD7A-44DD-9320-8A5ABB21189D}.Release|Any CPU.Build.0 = Release|Any CPU
	EndGlobalSection
	GlobalSection(SolutionProperties) = preSolution
		HideSolutionNode = FALSE
	EndGlobalSection
	GlobalSection(ExtensibilityGlobals) = postSolution
		SolutionGuid = {99D29F91-97E2-4FE7-BCFA-716198187B7E}
	EndGlobalSection
EndGlobal
